dependencies:
- name: dex
  repository: https://charts.dexidp.io
  version: 0.24.1
- name: valkey
  repository: oci://ghcr.io/valkey-io/valkey-helm
  version: 0.11.0
- name: cluster
  repository: https://cloudnative-pg.github.io/charts
  version: 0.8.0
- name: rustfs
  repository: https://charts.rustfs.com
  version: 1.0.0-rc.2
digest: sha256:661ececbfa11fdfae13de5e1991e52dd2c31126c32b721ce14233fc04eb69a29
generated: "2026-09-04T14:58:24.327898979-04:00"
